
Microsoft Visual Studio Solution File, Format Version 12.00
# Visual Studio Version 16
VisualStudioVersion = 16.0.31624.102
MinimumVisualStudioVersion = 10.0.40219.1
Project("{FAE04EC0-301F-11D3-BF4B-00C04F79EFBC}") = "Recursive-Extension-Methodlar", "Recursive-Extension-Methodlar.csproj", "{17157E62-5BC4-48BB-B3D3-B92F4295274B}"
EndProject
Global
	GlobalSection(SolutionConfigurationPlatforms) = preSolution
		Debug|Any CPU = Debug|Any CPU
		Release|Any CPU = Release|Any CPU
	EndGlobalSection
	GlobalSection(ProjectConfigurationPlatforms) = postSolution
		{17157E62-5BC4-48BB-B3D3-B92F4295274B}.Debug|Any CPU.ActiveCfg = Debug|Any CPU
		{17157E62-5BC4-48BB-B3D3-B92F4295274B}.Debug|Any CPU.Build.0 = Debug|Any CPU
		{17157E62-5BC4-48BB-B3D3-B92F4295274B}.Release|Any CPU.ActiveCfg = Release|Any CPU
		{17157E62-5BC4-48BB-B3D3-B92F4295274B}.Release|Any CPU.Build.0 = Release|Any CPU
	EndGlobalSection
	GlobalSection(SolutionProperties) = preSolution
		HideSolutionNode = FALSE
	EndGlobalSection
	GlobalSection(ExtensibilityGlobals) = postSolution
		SolutionGuid = {9BBEB325-8B8B-493B-AFDF-8264881B7426}
	EndGlobalSection
EndGlobal
