
Microsoft Visual Studio Solution File, Format Version 12.00
# Visual Studio Version 16
VisualStudioVersion = 16.0.31624.102
MinimumVisualStudioVersion = 10.0.40219.1
Project("{FAE04EC0-301F-11D3-BF4B-00C04F79EFBC}") = "Switch-Case", "Switch-Case.csproj", "{30F565D3-2AA4-4285-8378-B4E519DC905C}"
EndProject
Global
	GlobalSection(SolutionConfigurationPlatforms) = preSolution
		Debug|Any CPU = Debug|Any CPU
		Release|Any CPU = Release|Any CPU
	EndGlobalSection
	GlobalSection(ProjectConfigurationPlatforms) = postSolution
		{30F565D3-2AA4-4285-8378-B4E519DC905C}.Debug|Any CPU.ActiveCfg = Debug|Any CPU
		{30F565D3-2AA4-4285-8378-B4E519DC905C}.Debug|Any CPU.Build.0 = Debug|Any CPU
		{30F565D3-2AA4-4285-8378-B4E519DC905C}.Release|Any CPU.ActiveCfg = Release|Any CPU
		{30F565D3-2AA4-4285-8378-B4E519DC905C}.Release|Any CPU.Build.0 = Release|Any CPU
	EndGlobalSection
	GlobalSection(SolutionProperties) = preSolution
		HideSolutionNode = FALSE
	EndGlobalSection
	GlobalSection(ExtensibilityGlobals) = postSolution
		SolutionGuid = {CACFF03D-9BA9-4549-90E6-38C6D3EEB067}
	EndGlobalSection
EndGlobal
