
Microsoft Visual Studio Solution File, Format Version 12.00
# Visual Studio Version 16
VisualStudioVersion = 16.0.31624.102
MinimumVisualStudioVersion = 10.0.40219.1
Project("{FAE04EC0-301F-11D3-BF4B-00C04F79EFBC}") = "SinifKavrami", "SinifKavrami.csproj", "{CC71B8E7-1DB0-4EA8-B3AF-836D0E75694C}"
EndProject
Global
	GlobalSection(SolutionConfigurationPlatforms) = preSolution
		Debug|Any CPU = Debug|Any CPU
		Release|Any CPU = Release|Any CPU
	EndGlobalSection
	GlobalSection(ProjectConfigurationPlatforms) = postSolution
		{CC71B8E7-1DB0-4EA8-B3AF-836D0E75694C}.Debug|Any CPU.ActiveCfg = Debug|Any CPU
		{CC71B8E7-1DB0-4EA8-B3AF-836D0E75694C}.Debug|Any CPU.Build.0 = Debug|Any CPU
		{CC71B8E7-1DB0-4EA8-B3AF-836D0E75694C}.Release|Any CPU.ActiveCfg = Release|Any CPU
		{CC71B8E7-1DB0-4EA8-B3AF-836D0E75694C}.Release|Any CPU.Build.0 = Release|Any CPU
	EndGlobalSection
	GlobalSection(SolutionProperties) = preSolution
		HideSolutionNode = FALSE
	EndGlobalSection
	GlobalSection(ExtensibilityGlobals) = postSolution
		SolutionGuid = {24F633DB-04F8-4114-AB61-E5602D945DBB}
	EndGlobalSection
EndGlobal
