
Microsoft Visual Studio Solution File, Format Version 12.00
# Visual Studio Version 16
VisualStudioVersion = 16.0.31624.102
MinimumVisualStudioVersion = 10.0.40219.1
Project("{FAE04EC0-301F-11D3-BF4B-00C04F79EFBC}") = "HataYonetimi", "HataYonetimi.csproj", "{C710396F-0471-4018-A50D-786D4A4AE8D5}"
EndProject
Global
	GlobalSection(SolutionConfigurationPlatforms) = preSolution
		Debug|Any CPU = Debug|Any CPU
		Release|Any CPU = Release|Any CPU
	EndGlobalSection
	GlobalSection(ProjectConfigurationPlatforms) = postSolution
		{C710396F-0471-4018-A50D-786D4A4AE8D5}.Debug|Any CPU.ActiveCfg = Debug|Any CPU
		{C710396F-0471-4018-A50D-786D4A4AE8D5}.Debug|Any CPU.Build.0 = Debug|Any CPU
		{C710396F-0471-4018-A50D-786D4A4AE8D5}.Release|Any CPU.ActiveCfg = Release|Any CPU
		{C710396F-0471-4018-A50D-786D4A4AE8D5}.Release|Any CPU.Build.0 = Release|Any CPU
	EndGlobalSection
	GlobalSection(SolutionProperties) = preSolution
		HideSolutionNode = FALSE
	EndGlobalSection
	GlobalSection(ExtensibilityGlobals) = postSolution
		SolutionGuid = {751440D7-1622-4DAF-8602-EFF05D19D190}
	EndGlobalSection
EndGlobal
