
Microsoft Visual Studio Solution File, Format Version 12.00
# Visual Studio Version 16
VisualStudioVersion = 16.0.31624.102
MinimumVisualStudioVersion = 10.0.40219.1
Project("{FAE04EC0-301F-11D3-BF4B-00C04F79EFBC}") = "Encapsulation", "Encapsulation.csproj", "{692410B0-D981-42F3-85AD-0D04AA3AFC8D}"
EndProject
Global
	GlobalSection(SolutionConfigurationPlatforms) = preSolution
		Debug|Any CPU = Debug|Any CPU
		Release|Any CPU = Release|Any CPU
	EndGlobalSection
	GlobalSection(ProjectConfigurationPlatforms) = postSolution
		{692410B0-D981-42F3-85AD-0D04AA3AFC8D}.Debug|Any CPU.ActiveCfg = Debug|Any CPU
		{692410B0-D981-42F3-85AD-0D04AA3AFC8D}.Debug|Any CPU.Build.0 = Debug|Any CPU
		{692410B0-D981-42F3-85AD-0D04AA3AFC8D}.Release|Any CPU.ActiveCfg = Release|Any CPU
		{692410B0-D981-42F3-85AD-0D04AA3AFC8D}.Release|Any CPU.Build.0 = Release|Any CPU
	EndGlobalSection
	GlobalSection(SolutionProperties) = preSolution
		HideSolutionNode = FALSE
	EndGlobalSection
	GlobalSection(ExtensibilityGlobals) = postSolution
		SolutionGuid = {5893BA15-108D-4034-BE57-6D73370FDAC9}
	EndGlobalSection
EndGlobal
