
Microsoft Visual Studio Solution File, Format Version 12.00
# Visual Studio Version 16
VisualStudioVersion = 16.0.31624.102
MinimumVisualStudioVersion = 10.0.40219.1
Project("{FAE04EC0-301F-11D3-BF4B-00C04F79EFBC}") = "KoleksiyonlarlaIlgiliAlgoritmaSorulari", "KoleksiyonlarlaIlgiliAlgoritmaSorulari.csproj", "{AE1F4D1D-FFD8-4A24-B458-472D6D7CE233}"
EndProject
Global
	GlobalSection(SolutionConfigurationPlatforms) = preSolution
		Debug|Any CPU = Debug|Any CPU
		Release|Any CPU = Release|Any CPU
	EndGlobalSection
	GlobalSection(ProjectConfigurationPlatforms) = postSolution
		{AE1F4D1D-FFD8-4A24-B458-472D6D7CE233}.Debug|Any CPU.ActiveCfg = Debug|Any CPU
		{AE1F4D1D-FFD8-4A24-B458-472D6D7CE233}.Debug|Any CPU.Build.0 = Debug|Any CPU
		{AE1F4D1D-FFD8-4A24-B458-472D6D7CE233}.Release|Any CPU.ActiveCfg = Release|Any CPU
		{AE1F4D1D-FFD8-4A24-B458-472D6D7CE233}.Release|Any CPU.Build.0 = Release|Any CPU
	EndGlobalSection
	GlobalSection(SolutionProperties) = preSolution
		HideSolutionNode = FALSE
	EndGlobalSection
	GlobalSection(ExtensibilityGlobals) = postSolution
		SolutionGuid = {666791F6-0477-4BE4-BCAE-DAD03D2CDB1F}
	EndGlobalSection
EndGlobal
