
Microsoft Visual Studio Solution File, Format Version 12.00
# Visual Studio Version 16
VisualStudioVersion = 16.0.31624.102
MinimumVisualStudioVersion = 10.0.40219.1
Project("{FAE04EC0-301F-11D3-BF4B-00C04F79EFBC}") = "Hazir Metotlar Date Time Mat", "Hazir Metotlar Date Time Mat.csproj", "{5DEB498D-B4DE-422B-B1AE-3F13619AAE48}"
EndProject
Global
	GlobalSection(SolutionConfigurationPlatforms) = preSolution
		Debug|Any CPU = Debug|Any CPU
		Release|Any CPU = Release|Any CPU
	EndGlobalSection
	GlobalSection(ProjectConfigurationPlatforms) = postSolution
		{5DEB498D-B4DE-422B-B1AE-3F13619AAE48}.Debug|Any CPU.ActiveCfg = Debug|Any CPU
		{5DEB498D-B4DE-422B-B1AE-3F13619AAE48}.Debug|Any CPU.Build.0 = Debug|Any CPU
		{5DEB498D-B4DE-422B-B1AE-3F13619AAE48}.Release|Any CPU.ActiveCfg = Release|Any CPU
		{5DEB498D-B4DE-422B-B1AE-3F13619AAE48}.Release|Any CPU.Build.0 = Release|Any CPU
	EndGlobalSection
	GlobalSection(SolutionProperties) = preSolution
		HideSolutionNode = FALSE
	EndGlobalSection
	GlobalSection(ExtensibilityGlobals) = postSolution
		SolutionGuid = {06E2577D-4129-4F8D-AB3E-D1F36050FF4E}
	EndGlobalSection
EndGlobal
